
Microsoft Visual Studio Solution File, Format Version 12.00
# Visual Studio Version 17
VisualStudioVersion = 17.10.35122.118
MinimumVisualStudioVersion = 10.0.40219.1
Project("{FAE04EC0-301F-11D3-BF4B-00C04F79EFBC}") = "Intelliflo.Finance.Service", "Intelliflo.Finance.Service.csproj", "{C0C33603-F3F8-4087-9F19-02FC4B59210F}"
EndProject
Global
	GlobalSection(SolutionConfigurationPlatforms) = preSolution
		Debug|Any CPU = Debug|Any CPU
		Release|Any CPU = Release|Any CPU
	EndGlobalSection
	GlobalSection(ProjectConfigurationPlatforms) = postSolution
		{C0C33603-F3F8-4087-9F19-02FC4B59210F}.Debug|Any CPU.ActiveCfg = Debug|Any CPU
		{C0C33603-F3F8-4087-9F19-02FC4B59210F}.Debug|Any CPU.Build.0 = Debug|Any CPU
		{C0C33603-F3F8-4087-9F19-02FC4B59210F}.Release|Any CPU.ActiveCfg = Release|Any CPU
		{C0C33603-F3F8-4087-9F19-02FC4B59210F}.Release|Any CPU.Build.0 = Release|Any CPU
	EndGlobalSection
	GlobalSection(SolutionProperties) = preSolution
		HideSolutionNode = FALSE
	EndGlobalSection
	GlobalSection(ExtensibilityGlobals) = postSolution
		SolutionGuid = {0CC91340-A7F6-4FA7-93D1-429AC94466CD}
	EndGlobalSection
EndGlobal
